// !$*UTF8*$!
{
	archiveVersion = 1;
	classes = {
	};
	objectVersion = 50;
	objects = {

/* Begin PBXBuildFile section */
		3C57980F24BFF49B0049A75F /* AppDelegate.swift in Sources */ = {isa = PBXBuildFile; fileRef = 3C57980E24BFF49B0049A75F /* AppDelegate.swift */; };
		3C57981124BFF49B0049A75F /* SceneDelegate.swift in Sources */ = {isa = PBXBuildFile; fileRef = 3C57981024BFF49B0049A75F /* SceneDelegate.swift */; };
		3C57981324BFF49B0049A75F /* ViewController.swift in Sources */ = {isa = PBXBuildFile; fileRef = 3C57981224BFF49B0049A75F /* ViewController.swift */; };
		3C57981624BFF49B0049A75F /* Main.storyboard in Resources */ = {isa = PBXBuildFile; fileRef = 3C57981424BFF49B0049A75F /* Main.storyboard */; };
		3C57981824BFF49E0049A75F /* Assets.xcassets in Resources */ = {isa = PBXBuildFile; fileRef = 3C57981724BFF49E0049A75F /* Assets.xcassets */; };
		3C57981B24BFF49E0049A75F /* LaunchScreen.storyboard in Resources */ = {isa = PBXBuildFile; fileRef = 3C57981924BFF49E0049A75F /* LaunchScreen.storyboard */; };
		3C57982624BFF49E0049A75F /* BLEServiceTests.swift in Sources */ = {isa = PBXBuildFile; fileRef = 3C57982524BFF49E0049A75F /* BLEServiceTests.swift */; };
		3C57983124BFF49E0049A75F /* BLEServiceUITests.swift in Sources */ = {isa = PBXBuildFile; fileRef = 3C57983024BFF49E0049A75F /* BLEServiceUITests.swift */; };
		3C57984024BFF4D30049A75F /* BLEServiceSDK.swift in Sources */ = {isa = PBXBuildFile; fileRef = 3C57983F24BFF4D30049A75F /* BLEServiceSDK.swift */; };
/* End PBXBuildFile section */

/* Begin PBXContainerItemProxy section */
		3C57982224BFF49E0049A75F /* PBXContainerItemProxy */ = {
			isa = PBXContainerItemProxy;
			containerPortal = 3C57980324BFF49B0049A75F /* Project object */;
			proxyType = 1;
			remoteGlobalIDString = 3C57980A24BFF49B0049A75F;
			remoteInfo = BLEService;
		};
		3C57982D24BFF49E0049A75F /* PBXContainerItemProxy */ = {
			isa = PBXContainerItemProxy;
			containerPortal = 3C57980324BFF49B0049A75F /* Project object */;
			proxyType = 1;
			remoteGlobalIDString = 3C57980A24BFF49B0049A75F;
			remoteInfo = BLEService;
		};
/* End PBXContainerItemProxy section */

/* Begin PBXFileReference section */
		3C57980B24BFF49B0049A75F /* BLEService.app */ = {isa = PBXFileReference; explicitFileType = wrapper.application; includeInIndex = 0; path = BLEService.app; sourceTree = BUILT_PRODUCTS_DIR; };
		3C57980E24BFF49B0049A75F /* AppDelegate.swift */ = {isa = PBXFileReference; lastKnownFileType = sourcecode.swift; path = AppDelegate.swift; sourceTree = "<group>"; };
		3C57981024BFF49B0049A75F /* SceneDelegate.swift */ = {isa = PBXFileReference; lastKnownFileType = sourcecode.swift; path = SceneDelegate.swift; sourceTree = "<group>"; };
		3C57981224BFF49B0049A75F /* ViewController.swift */ = {isa = PBXFileReference; lastKnownFileType = sourcecode.swift; path = ViewController.swift; sourceTree = "<group>"; };
		3C57981524BFF49B0049A75F /* Base */ = {isa = PBXFileReference; lastKnownFileType = file.storyboard; name = Base; path = Base.lproj/Main.storyboard; sourceTree = "<group>"; };
		3C57981724BFF49E0049A75F /* Assets.xcassets */ = {isa = PBXFileReference; lastKnownFileType = folder.assetcatalog; path = Assets.xcassets; sourceTree = "<group>"; };
		3C57981A24BFF49E0049A75F /* Base */ = {isa = PBXFileReference; lastKnownFileType = file.storyboard; name = Base; path = Base.lproj/LaunchScreen.storyboard; sourceTree = "<group>"; };
		3C57981C24BFF49E0049A75F /* Info.plist */ = {isa = PBXFileReference; lastKnownFileType = text.plist.xml; path = Info.plist; sourceTree = "<group>"; };
		3C57982124BFF49E0049A75F /* BLEServiceTests.xctest */ = {isa = PBXFileReference; explicitFileType = wrapper.cfbundle; includeInIndex = 0; path = BLEServiceTests.xctest; sourceTree = BUILT_PRODUCTS_DIR; };
		3C57982524BFF49E0049A75F /* BLEServiceTests.swift */ = {isa = PBXFileReference; lastKnownFileType = sourcecode.swift; path = BLEServiceTests.swift; sourceTree = "<group>"; };
		3C57982724BFF49E0049A75F /* Info.plist */ = {isa = PBXFileReference; lastKnownFileType = text.plist.xml; path = Info.plist; sourceTree = "<group>"; };
		3C57982C24BFF49E0049A75F /* BLEServiceUITests.xctest */ = {isa = PBXFileReference; explicitFileType = wrapper.cfbundle; includeInIndex = 0; path = BLEServiceUITests.xctest; sourceTree = BUILT_PRODUCTS_DIR; };
		3C57983024BFF49E0049A75F /* BLEServiceUITests.swift */ = {isa = PBXFileReference; lastKnownFileType = sourcecode.swift; path = BLEServiceUITests.swift; sourceTree = "<group>"; };
		3C57983224BFF49F0049A75F /* Info.plist */ = {isa = PBXFileReference; lastKnownFileType = text.plist.xml; path = Info.plist; sourceTree = "<group>"; };
		3C57983F24BFF4D30049A75F /* BLEServiceSDK.swift */ = {isa = PBXFileReference; fileEncoding = 4; lastKnownFileType = sourcecode.swift; path = BLEServiceSDK.swift; sourceTree = "<group>"; };
/* End PBXFileReference section */

/* Begin PBXFrameworksBuildPhase section */
		3C57980824BFF49B0049A75F /* Frameworks */ = {
			isa = PBXFrameworksBuildPhase;
			buildActionMask = 2147483647;
			files = (
			);
			runOnlyForDeploymentPostprocessing = 0;
		};
		3C57981E24BFF49E0049A75F /* Frameworks */ = {
			isa = PBXFrameworksBuildPhase;
			buildActionMask = 2147483647;
			files = (
			);
			runOnlyForDeploymentPostprocessing = 0;
		};
		3C57982924BFF49E0049A75F /* Frameworks */ = {
			isa = PBXFrameworksBuildPhase;
			buildActionMask = 2147483647;
			files = (
			);
			runOnlyForDeploymentPostprocessing = 0;
		};
/* End PBXFrameworksBuildPhase section */

/* Begin PBXGroup section */
		3C57980224BFF49B0049A75F = {
			isa = PBXGroup;
			children = (
				3C57983E24BFF4D30049A75F /* Class */,
				3C57980D24BFF49B0049A75F /* BLEService */,
				3C57982424BFF49E0049A75F /* BLEServiceTests */,
				3C57982F24BFF49E0049A75F /* BLEServiceUITests */,
				3C57980C24BFF49B0049A75F /* Products */,
			);
			sourceTree = "<group>";
		};
		3C57980C24BFF49B0049A75F /* Products */ = {
			isa = PBXGroup;
			children = (
				3C57980B24BFF49B0049A75F /* BLEService.app */,
				3C57982124BFF49E0049A75F /* BLEServiceTests.xctest */,
				3C57982C24BFF49E0049A75F /* BLEServiceUITests.xctest */,
			);
			name = Products;
			sourceTree = "<group>";
		};
		3C57980D24BFF49B0049A75F /* BLEService */ = {
			isa = PBXGroup;
			children = (
				3C57980E24BFF49B0049A75F /* AppDelegate.swift */,
				3C57981024BFF49B0049A75F /* SceneDelegate.swift */,
				3C57981224BFF49B0049A75F /* ViewController.swift */,
				3C57981424BFF49B0049A75F /* Main.storyboard */,
				3C57981724BFF49E0049A75F /* Assets.xcassets */,
				3C57981924BFF49E0049A75F /* LaunchScreen.storyboard */,
				3C57981C24BFF49E0049A75F /* Info.plist */,
			);
			path = BLEService;
			sourceTree = "<group>";
		};
		3C57982424BFF49E0049A75F /* BLEServiceTests */ = {
			isa = PBXGroup;
			children = (
				3C57982524BFF49E0049A75F /* BLEServiceTests.swift */,
				3C57982724BFF49E0049A75F /* Info.plist */,
			);
			path = BLEServiceTests;
			sourceTree = "<group>";
		};
		3C57982F24BFF49E0049A75F /* BLEServiceUITests */ = {
			isa = PBXGroup;
			children = (
				3C57983024BFF49E0049A75F /* BLEServiceUITests.swift */,
				3C57983224BFF49F0049A75F /* Info.plist */,
			);
			path = BLEServiceUITests;
			sourceTree = "<group>";
		};
		3C57983E24BFF4D30049A75F /* Class */ = {
			isa = PBXGroup;
			children = (
				3C57983F24BFF4D30049A75F /* BLEServiceSDK.swift */,
			);
			path = Class;
			sourceTree = "<group>";
		};
/* End PBXGroup section */

/* Begin PBXNativeTarget section */
		3C57980A24BFF49B0049A75F /* BLEService */ = {
			isa = PBXNativeTarget;
			buildConfigurationList = 3C57983524BFF49F0049A75F /* Build configuration list for PBXNativeTarget "BLEService" */;
			buildPhases = (
				3C57980724BFF49B0049A75F /* Sources */,
				3C57980824BFF49B0049A75F /* Frameworks */,
				3C57980924BFF49B0049A75F /* Resources */,
			);
			buildRules = (
			);
			dependencies = (
			);
			name = BLEService;
			productName = BLEService;
			productReference = 3C57980B24BFF49B0049A75F /* BLEService.app */;
			productType = "com.apple.product-type.application";
		};
		3C57982024BFF49E0049A75F /* BLEServiceTests */ = {
			isa = PBXNativeTarget;
			buildConfigurationList = 3C57983824BFF49F0049A75F /* Build configuration list for PBXNativeTarget "BLEServiceTests" */;
			buildPhases = (
				3C57981D24BFF49E0049A75F /* Sources */,
				3C57981E24BFF49E0049A75F /* Frameworks */,
				3C57981F24BFF49E0049A75F /* Resources */,
			);
			buildRules = (
			);
			dependencies = (
				3C57982324BFF49E0049A75F /* PBXTargetDependency */,
			);
			name = BLEServiceTests;
			productName = BLEServiceTests;
			productReference = 3C57982124BFF49E0049A75F /* BLEServiceTests.xctest */;
			productType = "com.apple.product-type.bundle.unit-test";
		};
		3C57982B24BFF49E0049A75F /* BLEServiceUITests */ = {
			isa = PBXNativeTarget;
			buildConfigurationList = 3C57983B24BFF49F0049A75F /* Build configuration list for PBXNativeTarget "BLEServiceUITests" */;
			buildPhases = (
				3C57982824BFF49E0049A75F /* Sources */,
				3C57982924BFF49E0049A75F /* Frameworks */,
				3C57982A24BFF49E0049A75F /* Resources */,
			);
			buildRules = (
			);
			dependencies = (
				3C57982E24BFF49E0049A75F /* PBXTargetDependency */,
			);
			name = BLEServiceUITests;
			productName = BLEServiceUITests;
			productReference = 3C57982C24BFF49E0049A75F /* BLEServiceUITests.xctest */;
			productType = "com.apple.product-type.bundle.ui-testing";
		};
/* End PBXNativeTarget section */

/* Begin PBXProject section */
		3C57980324BFF49B0049A75F /* Project object */ = {
			isa = PBXProject;
			attributes = {
				LastSwiftUpdateCheck = 1140;
				LastUpgradeCheck = 1140;
				ORGANIZATIONNAME = jxx;
				TargetAttributes = {
					3C57980A24BFF49B0049A75F = {
						CreatedOnToolsVersion = 11.4;
					};
					3C57982024BFF49E0049A75F = {
						CreatedOnToolsVersion = 11.4;
						TestTargetID = 3C57980A24BFF49B0049A75F;
					};
					3C57982B24BFF49E0049A75F = {
						CreatedOnToolsVersion = 11.4;
						TestTargetID = 3C57980A24BFF49B0049A75F;
					};
				};
			};
			buildConfigurationList = 3C57980624BFF49B0049A75F /* Build configuration list for PBXProject "BLEService" */;
			compatibilityVersion = "Xcode 9.3";
			developmentRegion = en;
			hasScannedForEncodings = 0;
			knownRegions = (
				en,
				Base,
			);
			mainGroup = 3C57980224BFF49B0049A75F;
			productRefGroup = 3C57980C24BFF49B0049A75F /* Products */;
			projectDirPath = "";
			projectRoot = "";
			targets = (
				3C57980A24BFF49B0049A75F /* BLEService */,
				3C57982024BFF49E0049A75F /* BLEServiceTests */,
				3C57982B24BFF49E0049A75F /* BLEServiceUITests */,
			);
		};
/* End PBXProject section */

/* Begin PBXResourcesBuildPhase section */
		3C57980924BFF49B0049A75F /* Resources */ = {
			isa = PBXResourcesBuildPhase;
			buildActionMask = 2147483647;
			files = (
				3C57981B24BFF49E0049A75F /* LaunchScreen.storyboard in Resources */,
				3C57981824BFF49E0049A75F /* Assets.xcassets in Resources */,
				3C57981624BFF49B0049A75F /* Main.storyboard in Resources */,
			);
			runOnlyForDeploymentPostprocessing = 0;
		};
		3C57981F24BFF49E0049A75F /* Resources */ = {
			isa = PBXResourcesBuildPhase;
			buildActionMask = 2147483647;
			files = (
			);
			runOnlyForDeploymentPostprocessing = 0;
		};
		3C57982A24BFF49E0049A75F /* Resources */ = {
			isa = PBXResourcesBuildPhase;
			buildActionMask = 2147483647;
			files = (
			);
			runOnlyForDeploymentPostprocessing = 0;
		};
/* End PBXResourcesBuildPhase section */

/* Begin PBXSourcesBuildPhase section */
		3C57980724BFF49B0049A75F /* Sources */ = {
			isa = PBXSourcesBuildPhase;
			buildActionMask = 2147483647;
			files = (
				3C57984024BFF4D30049A75F /* BLEServiceSDK.swift in Sources */,
				3C57981324BFF49B0049A75F /* ViewController.swift in Sources */,
				3C57980F24BFF49B0049A75F /* AppDelegate.swift in Sources */,
				3C57981124BFF49B0049A75F /* SceneDelegate.swift in Sources */,
			);
			runOnlyForDeploymentPostprocessing = 0;
		};
		3C57981D24BFF49E0049A75F /* Sources */ = {
			isa = PBXSourcesBuildPhase;
			buildActionMask = 2147483647;
			files = (
				3C57982624BFF49E0049A75F /* BLEServiceTests.swift in Sources */,
			);
			runOnlyForDeploymentPostprocessing = 0;
		};
		3C57982824BFF49E0049A75F /* Sources */ = {
			isa = PBXSourcesBuildPhase;
			buildActionMask = 2147483647;
			files = (
				3C57983124BFF49E0049A75F /* BLEServiceUITests.swift in Sources */,
			);
			runOnlyForDeploymentPostprocessing = 0;
		};
/* End PBXSourcesBuildPhase section */

/* Begin PBXTargetDependency section */
		3C57982324BFF49E0049A75F /* PBXTargetDependency */ = {
			isa = PBXTargetDependency;
			target = 3C57980A24BFF49B0049A75F /* BLEService */;
			targetProxy = 3C57982224BFF49E0049A75F /* PBXContainerItemProxy */;
		};
		3C57982E24BFF49E0049A75F /* PBXTargetDependency */ = {
			isa = PBXTargetDependency;
			target = 3C57980A24BFF49B0049A75F /* BLEService */;
			targetProxy = 3C57982D24BFF49E0049A75F /* PBXContainerItemProxy */;
		};
/* End PBXTargetDependency section */

/* Begin PBXVariantGroup section */
		3C57981424BFF49B0049A75F /* Main.storyboard */ = {
			isa = PBXVariantGroup;
			children = (
				3C57981524BFF49B0049A75F /* Base */,
			);
			name = Main.storyboard;
			sourceTree = "<group>";
		};
		3C57981924BFF49E0049A75F /* LaunchScreen.storyboard */ = {
			isa = PBXVariantGroup;
			children = (
				3C57981A24BFF49E0049A75F /* Base */,
			);
			name = LaunchScreen.storyboard;
			sourceTree = "<group>";
		};
/* End PBXVariantGroup section */

/* Begin XCBuildConfiguration section */
		3C57983324BFF49F0049A75F /* Debug */ = {
			isa = XCBuildConfiguration;
			buildSettings = {
				ALWAYS_SEARCH_USER_PATHS = NO;
				CLANG_ANALYZER_NONNULL = YES;
				CLANG_ANALYZER_NUMBER_OBJECT_CONVERSION = YES_AGGRESSIVE;
				CLANG_CXX_LANGUAGE_STANDARD = "gnu++14";
				CLANG_CXX_LIBRARY = "libc++";
				CLANG_ENABLE_MODULES = YES;
				CLANG_ENABLE_OBJC_ARC = YES;
				CLANG_ENABLE_OBJC_WEAK = YES;
				CLANG_WARN_BLOCK_CAPTURE_AUTORELEASING = YES;
				CLANG_WARN_BOOL_CONVERSION = YES;
				CLANG_WARN_COMMA = YES;
				CLANG_WARN_CONSTANT_CONVERSION = YES;
				CLANG_WARN_DEPRECATED_OBJC_IMPLEMENTATIONS = YES;
				CLANG_WARN_DIRECT_OBJC_ISA_USAGE = YES_ERROR;
				CLANG_WARN_DOCUMENTATION_COMMENTS = YES;
				CLANG_WARN_EMPTY_BODY = YES;
				CLANG_WARN_ENUM_CONVERSION = YES;
				CLANG_WARN_INFINITE_RECURSION = YES;
				CLANG_WARN_INT_CONVERSION = YES;
				CLANG_WARN_NON_LITERAL_NULL_CONVERSION = YES;
				CLANG_WARN_OBJC_IMPLICIT_RETAIN_SELF = YES;
				CLANG_WARN_OBJC_LITERAL_CONVERSION = YES;
				CLANG_WARN_OBJC_ROOT_CLASS = YES_ERROR;
				CLANG_WARN_RANGE_LOOP_ANALYSIS = YES;
				CLANG_WARN_STRICT_PROTOTYPES = YES;
				CLANG_WARN_SUSPICIOUS_MOVE = YES;
				CLANG_WARN_UNGUARDED_AVAILABILITY = YES_AGGRESSIVE;
				CLANG_WARN_UNREACHABLE_CODE = YES;
				CLANG_WARN__DUPLICATE_METHOD_MATCH = YES;
				COPY_PHASE_STRIP = NO;
				DEBUG_INFORMATION_FORMAT = dwarf;
				ENABLE_STRICT_OBJC_MSGSEND = YES;
				ENABLE_TESTABILITY = YES;
				GCC_C_LANGUAGE_STANDARD = gnu11;
				GCC_DYNAMIC_NO_PIC = NO;
				GCC_NO_COMMON_BLOCKS = YES;
				GCC_OPTIMIZATION_LEVEL = 0;
				GCC_PREPROCESSOR_DEFINITIONS = (
					"DEBUG=1",
					"$(inherited)",
				);
				GCC_WARN_64_TO_32_BIT_CONVERSION = YES;
				GCC_WARN_ABOUT_RETURN_TYPE = YES_ERROR;
				GCC_WARN_UNDECLARED_SELECTOR = YES;
				GCC_WARN_UNINITIALIZED_AUTOS = YES_AGGRESSIVE;
				GCC_WARN_UNUSED_FUNCTION = YES;
				GCC_WARN_UNUSED_VARIABLE = YES;
				IPHONEOS_DEPLOYMENT_TARGET = 9.0;
				MTL_ENABLE_DEBUG_INFO = INCLUDE_SOURCE;
				MTL_FAST_MATH = YES;
				ONLY_ACTIVE_ARCH = YES;
				SDKROOT = iphoneos;
				SWIFT_ACTIVE_COMPILATION_CONDITIONS = DEBUG;
				SWIFT_OPTIMIZATION_LEVEL = "-Onone";
			};
			name = Debug;
		};
		3C57983424BFF49F0049A75F /* Release */ = {
			isa = XCBuildConfiguration;
			buildSettings = {
				ALWAYS_SEARCH_USER_PATHS = NO;
				CLANG_ANALYZER_NONNULL = YES;
				CLANG_ANALYZER_NUMBER_OBJECT_CONVERSION = YES_AGGRESSIVE;
				CLANG_CXX_LANGUAGE_STANDARD = "gnu++14";
				CLANG_CXX_LIBRARY = "libc++";
				CLANG_ENABLE_MODULES = YES;
				CLANG_ENABLE_OBJC_ARC = YES;
				CLANG_ENABLE_OBJC_WEAK = YES;
				CLANG_WARN_BLOCK_CAPTURE_AUTORELEASING = YES;
				CLANG_WARN_BOOL_CONVERSION = YES;
				CLANG_WARN_COMMA = YES;
				CLANG_WARN_CONSTANT_CONVERSION = YES;
				CLANG_WARN_DEPRECATED_OBJC_IMPLEMENTATIONS = YES;
				CLANG_WARN_DIRECT_OBJC_ISA_USAGE = YES_ERROR;
				CLANG_WARN_DOCUMENTATION_COMMENTS = YES;
				CLANG_WARN_EMPTY_BODY = YES;
				CLANG_WARN_ENUM_CONVERSION = YES;
				CLANG_WARN_INFINITE_RECURSION = YES;
				CLANG_WARN_INT_CONVERSION = YES;
				CLANG_WARN_NON_LITERAL_NULL_CONVERSION = YES;
				CLANG_WARN_OBJC_IMPLICIT_RETAIN_SELF = YES;
				CLANG_WARN_OBJC_LITERAL_CONVERSION = YES;
				CLANG_WARN_OBJC_ROOT_CLASS = YES_ERROR;
				CLANG_WARN_RANGE_LOOP_ANALYSIS = YES;
				CLANG_WARN_STRICT_PROTOTYPES = YES;
				CLANG_WARN_SUSPICIOUS_MOVE = YES;
				CLANG_WARN_UNGUARDED_AVAILABILITY = YES_AGGRESSIVE;
				CLANG_WARN_UNREACHABLE_CODE = YES;
				CLANG_WARN__DUPLICATE_METHOD_MATCH = YES;
				COPY_PHASE_STRIP = NO;
				DEBUG_INFORMATION_FORMAT = "dwarf-with-dsym";
				ENABLE_NS_ASSERTIONS = NO;
				ENABLE_STRICT_OBJC_MSGSEND = YES;
				GCC_C_LANGUAGE_STANDARD = gnu11;
				GCC_NO_COMMON_BLOCKS = YES;
				GCC_WARN_64_TO_32_BIT_CONVERSION = YES;
				GCC_WARN_ABOUT_RETURN_TYPE = YES_ERROR;
				GCC_WARN_UNDECLARED_SELECTOR = YES;
				GCC_WARN_UNINITIALIZED_AUTOS = YES_AGGRESSIVE;
				GCC_WARN_UNUSED_FUNCTION = YES;
				GCC_WARN_UNUSED_VARIABLE = YES;
				IPHONEOS_DEPLOYMENT_TARGET = 9.0;
				MTL_ENABLE_DEBUG_INFO = NO;
				MTL_FAST_MATH = YES;
				SDKROOT = iphoneos;
				SWIFT_COMPILATION_MODE = wholemodule;
				SWIFT_OPTIMIZATION_LEVEL = "-O";
				VALIDATE_PRODUCT = YES;
			};
			name = Release;
		};
		3C57983624BFF49F0049A75F /* Debug */ = {
			isa = XCBuildConfiguration;
			buildSettings = {
				ASSETCATALOG_COMPILER_APPICON_NAME = AppIcon;
				CODE_SIGN_STYLE = Automatic;
				DEVELOPMENT_TEAM = L42VFUBEW9;
				INFOPLIST_FILE = BLEService/Info.plist;
				IPHONEOS_DEPLOYMENT_TARGET = 9.0;
				LD_RUNPATH_SEARCH_PATHS = (
					"$(inherited)",
					"@executable_path/Frameworks",
				);
				PRODUCT_BUNDLE_IDENTIFIER = jxx.BLEService;
				PRODUCT_NAME = "$(TARGET_NAME)";
				SWIFT_VERSION = 5.0;
				TARGETED_DEVICE_FAMILY = "1,2";
			};
			name = Debug;
		};
		3C57983724BFF49F0049A75F /* Release */ = {
			isa = XCBuildConfiguration;
			buildSettings = {
				ASSETCATALOG_COMPILER_APPICON_NAME = AppIcon;
				CODE_SIGN_STYLE = Automatic;
				DEVELOPMENT_TEAM = L42VFUBEW9;
				INFOPLIST_FILE = BLEService/Info.plist;
				IPHONEOS_DEPLOYMENT_TARGET = 9.0;
				LD_RUNPATH_SEARCH_PATHS = (
					"$(inherited)",
					"@executable_path/Frameworks",
				);
				PRODUCT_BUNDLE_IDENTIFIER = jxx.BLEService;
				PRODUCT_NAME = "$(TARGET_NAME)";
				SWIFT_VERSION = 5.0;
				TARGETED_DEVICE_FAMILY = "1,2";
			};
			name = Release;
		};
		3C57983924BFF49F0049A75F /* Debug */ = {
			isa = XCBuildConfiguration;
			buildSettings = {
				ALWAYS_EMBED_SWIFT_STANDARD_LIBRARIES = YES;
				BUNDLE_LOADER = "$(TEST_HOST)";
				CODE_SIGN_STYLE = Automatic;
				DEVELOPMENT_TEAM = L42VFUBEW9;
				INFOPLIST_FILE = BLEServiceTests/Info.plist;
				IPHONEOS_DEPLOYMENT_TARGET = 13.4;
				LD_RUNPATH_SEARCH_PATHS = (
					"$(inherited)",
					"@executable_path/Frameworks",
					"@loader_path/Frameworks",
				);
				PRODUCT_BUNDLE_IDENTIFIER = jxx.BLEServiceTests;
				PRODUCT_NAME = "$(TARGET_NAME)";
				SWIFT_VERSION = 5.0;
				TARGETED_DEVICE_FAMILY = "1,2";
				TEST_HOST = "$(BUILT_PRODUCTS_DIR)/BLEService.app/BLEService";
			};
			name = Debug;
		};
		3C57983A24BFF49F0049A75F /* Release */ = {
			isa = XCBuildConfiguration;
			buildSettings = {
				ALWAYS_EMBED_SWIFT_STANDARD_LIBRARIES = YES;
				BUNDLE_LOADER = "$(TEST_HOST)";
				CODE_SIGN_STYLE = Automatic;
				DEVELOPMENT_TEAM = L42VFUBEW9;
				INFOPLIST_FILE = BLEServiceTests/Info.plist;
				IPHONEOS_DEPLOYMENT_TARGET = 13.4;
				LD_RUNPATH_SEARCH_PATHS = (
					"$(inherited)",
					"@executable_path/Frameworks",
					"@loader_path/Frameworks",
				);
				PRODUCT_BUNDLE_IDENTIFIER = jxx.BLEServiceTests;
				PRODUCT_NAME = "$(TARGET_NAME)";
				SWIFT_VERSION = 5.0;
				TARGETED_DEVICE_FAMILY = "1,2";
				TEST_HOST = "$(BUILT_PRODUCTS_DIR)/BLEService.app/BLEService";
			};
			name = Release;
		};
		3C57983C24BFF49F0049A75F /* Debug */ = {
			isa = XCBuildConfiguration;
			buildSettings = {
				ALWAYS_EMBED_SWIFT_STANDARD_LIBRARIES = YES;
				CODE_SIGN_STYLE = Automatic;
				DEVELOPMENT_TEAM = L42VFUBEW9;
				INFOPLIST_FILE = BLEServiceUITests/Info.plist;
				LD_RUNPATH_SEARCH_PATHS = (
					"$(inherited)",
					"@executable_path/Frameworks",
					"@loader_path/Frameworks",
				);
				PRODUCT_BUNDLE_IDENTIFIER = jxx.BLEServiceUITests;
				PRODUCT_NAME = "$(TARGET_NAME)";
				SWIFT_VERSION = 5.0;
				TARGETED_DEVICE_FAMILY = "1,2";
				TEST_TARGET_NAME = BLEService;
			};
			name = Debug;
		};
		3C57983D24BFF49F0049A75F /* Release */ = {
			isa = XCBuildConfiguration;
			buildSettings = {
				ALWAYS_EMBED_SWIFT_STANDARD_LIBRARIES = YES;
				CODE_SIGN_STYLE = Automatic;
				DEVELOPMENT_TEAM = L42VFUBEW9;
				INFOPLIST_FILE = BLEServiceUITests/Info.plist;
				LD_RUNPATH_SEARCH_PATHS = (
					"$(inherited)",
					"@executable_path/Frameworks",
					"@loader_path/Frameworks",
				);
				PRODUCT_BUNDLE_IDENTIFIER = jxx.BLEServiceUITests;
				PRODUCT_NAME = "$(TARGET_NAME)";
				SWIFT_VERSION = 5.0;
				TARGETED_DEVICE_FAMILY = "1,2";
				TEST_TARGET_NAME = BLEService;
			};
			name = Release;
		};
/* End XCBuildConfiguration section */

/* Begin XCConfigurationList section */
		3C57980624BFF49B0049A75F /* Build configuration list for PBXProject "BLEService" */ = {
			isa = XCConfigurationList;
			buildConfigurations = (
				3C57983324BFF49F0049A75F /* Debug */,
				3C57983424BFF49F0049A75F /* Release */,
			);
			defaultConfigurationIsVisible = 0;
			defaultConfigurationName = Release;
		};
		3C57983524BFF49F0049A75F /* Build configuration list for PBXNativeTarget "BLEService" */ = {
			isa = XCConfigurationList;
			buildConfigurations = (
				3C57983624BFF49F0049A75F /* Debug */,
				3C57983724BFF49F0049A75F /* Release */,
			);
			defaultConfigurationIsVisible = 0;
			defaultConfigurationName = Release;
		};
		3C57983824BFF49F0049A75F /* Build configuration list for PBXNativeTarget "BLEServiceTests" */ = {
			isa = XCConfigurationList;
			buildConfigurations = (
				3C57983924BFF49F0049A75F /* Debug */,
				3C57983A24BFF49F0049A75F /* Release */,
			);
			defaultConfigurationIsVisible = 0;
			defaultConfigurationName = Release;
		};
		3C57983B24BFF49F0049A75F /* Build configuration list for PBXNativeTarget "BLEServiceUITests" */ = {
			isa = XCConfigurationList;
			buildConfigurations = (
				3C57983C24BFF49F0049A75F /* Debug */,
				3C57983D24BFF49F0049A75F /* Release */,
			);
			defaultConfigurationIsVisible = 0;
			defaultConfigurationName = Release;
		};
/* End XCConfigurationList section */
	};
	rootObject = 3C57980324BFF49B0049A75F /* Project object */;
}
